{
  "name": "ft_transcendance",
  "lockfileVersion": 3,
  "requires": true,
  "packages": {
    "": {
      "devDependencies": {
        "@types/babylonjs": "^2.4.5"
      }
    },
    "node_modules/@types/babylonjs": {
      "version": "2.4.5",
      "resolved": "https://registry.npmjs.org/@types/babylonjs/-/babylonjs-2.4.5.tgz",
      "integrity": "sha512-hHImUhEeDk8OAhhwXeEsDo3osfF+zTREhSOQgAoj5E0iJL2/bN2ojavSyYFdm7vXK8WNhf7i4YEF6B3ix/WL+Q==",
      "deprecated": "This is a stub types definition. babylonjs provides its own type definitions, so you do not need this installed.",
      "dev": true,
      "dependencies": {
        "babylonjs": "*"
      }
    },
    "node_modules/babylonjs": {
      "version": "8.3.1",
      "resolved": "https://registry.npmjs.org/babylonjs/-/babylonjs-8.3.1.tgz",
      "integrity": "sha512-vrBJpt6AMcyXltN6t5UhnusTyWB2gugxEHPs0c6ef6sdLFZHRI9BE9njyppAItl3sgI0gKW5R1CALH0NFEdtrQ==",
      "dev": true,
      "hasInstallScript": true
    }
  }
}
