{
  "name": "pong",
  "lockfileVersion": 3,
  "requires": true,
  "packages": {
    "": {
      "dependencies": {
        "@babylonjs/core": "^8.2.0",
        "@babylonjs/gui": "^8.2.0"
      }
    },
    "node_modules/@babylonjs/core": {
      "version": "8.2.0",
      "resolved": "https://registry.npmjs.org/@babylonjs/core/-/core-8.2.0.tgz",
      "integrity": "sha512-n3AjdJtzktXIS44t7BTvPZXAS2xBuo/suix3mI7b3+rk4nY0f1Y7X5uaseRYmazHyxPxTZ1g/LvUI5F5W/Ut2g=="
    },
    "node_modules/@babylonjs/gui": {
      "version": "8.2.0",
      "resolved": "https://registry.npmjs.org/@babylonjs/gui/-/gui-8.2.0.tgz",
      "integrity": "sha512-FRDri1Hvxxk/JKgjjEwQAnFLthRzRdlFhPQl9oyjddOEABI3krNC5xaRlw4NF537uILpJ7uA/giCHOKzp392Lw==",
      "peerDependencies": {
        "@babylonjs/core": "^8.0.0"
      }
    }
  }
}
